# Pinned Unbiased app-server engine.
#
# This file is the single source of truth for which forked app-server release
# this repo wraps. fetch-engine.sh and gen-schema.sh read the version here.
#
# Checksums are of the release tarballs, computed from
# https://github.com/circuitandchisel/unbiased-app-server/releases/download/unbiased-app-server-v<version>/
version = 0.1.3

sha256 codex-app-server-aarch64-apple-darwin.tar.gz = a28c6281c0053c3e46880bbf1879af0ff333caa2f67a194d28a8fb0a4433445d
sha256 codex-app-server-x86_64-apple-darwin.tar.gz = fbdf5dc86dfe4685672ca05b087a637ddf9c625bf59e31d7960e3c4316bbeb08
sha256 codex-app-server-aarch64-unknown-linux-musl.tar.gz = dface265b654d866554b9fffeeb7370c367b1fc9d7ecf442375595563d53cf14
sha256 codex-app-server-x86_64-unknown-linux-musl.tar.gz = adb6a0498ce55bde4621182e25951927f04d2e580ecfb8306dc6daf131df99e2
