# Pinned Unbiased app-server engine.
#
# This file is the single source of truth for which forked app-server release
# this repo wraps. fetch-engine.sh and gen-schema.sh read the version here.
#
# Checksums are of the release tarballs, computed from
# https://github.com/circuitandchisel/unbiased-app-server/releases/download/unbiased-app-server-v<version>/
version = 0.1.2

sha256 codex-app-server-aarch64-apple-darwin.tar.gz = 059f3828c0a17048f68ca872f56e7614d435c20f2adc27aefb33001bb2de94ba
sha256 codex-app-server-x86_64-apple-darwin.tar.gz = 41da149426efb0606c715b1a6a7045a8e84572107183eff45f906209ad0e0963
sha256 codex-app-server-aarch64-unknown-linux-musl.tar.gz = 59639e1e6e0196b279c046f3abce76d4271cd3eff8c9a8ba5c93b3b33ffb970a
sha256 codex-app-server-x86_64-unknown-linux-musl.tar.gz = 29e4a6bb6e69966f4f78c57d4132dcab8e0ce7975a8cf7ae071418f0edd219e0
